
Microsoft Visual Studio Solution File, Format Version 12.00
# Visual Studio Version 17
VisualStudioVersion = 17.5.33530.505
MinimumVisualStudioVersion = 10.0.40219.1
Project("{FAE04EC0-301F-11D3-BF4B-00C04F79EFBC}") = "CodeAlongUge2Dag1", "CodeAlongUge2Dag1\CodeAlongUge2Dag1.csproj", "{D2B24EF9-1551-434D-A5C8-CE9A8A393BA7}"
EndProject
Global
	GlobalSection(SolutionConfigurationPlatforms) = preSolution
		Debug|Any CPU = Debug|Any CPU
		Release|Any CPU = Release|Any CPU
	EndGlobalSection
	GlobalSection(ProjectConfigurationPlatforms) = postSolution
		{D2B24EF9-1551-434D-A5C8-CE9A8A393BA7}.Debug|Any CPU.ActiveCfg = Debug|Any CPU
		{D2B24EF9-1551-434D-A5C8-CE9A8A393BA7}.Debug|Any CPU.Build.0 = Debug|Any CPU
		{D2B24EF9-1551-434D-A5C8-CE9A8A393BA7}.Release|Any CPU.ActiveCfg = Release|Any CPU
		{D2B24EF9-1551-434D-A5C8-CE9A8A393BA7}.Release|Any CPU.Build.0 = Release|Any CPU
	EndGlobalSection
	GlobalSection(SolutionProperties) = preSolution
		HideSolutionNode = FALSE
	EndGlobalSection
	GlobalSection(ExtensibilityGlobals) = postSolution
		SolutionGuid = {C9987DB6-F4BF-4583-827C-B822A82D7711}
	EndGlobalSection
EndGlobal
